
Microsoft Visual Studio Solution File, Format Version 12.00
# Visual Studio Version 17
VisualStudioVersion = 17.3.32922.545
MinimumVisualStudioVersion = 10.0.40219.1
Project("{9A19103F-16F7-4668-BE54-9A1E7A4F7556}") = "Part3", "Part3\Part3.csproj", "{96EFF911-AEE4-4711-84FD-6CB637F0BDF4}"
EndProject
Project("{9A19103F-16F7-4668-BE54-9A1E7A4F7556}") = "Part3Q1", "Part3Q1\Part3Q1.csproj", "{FFFD4898-DA0E-4BB2-A74F-18E6493EDC3A}"
EndProject
Project("{9A19103F-16F7-4668-BE54-9A1E7A4F7556}") = "Part1", "Part1\Part1.csproj", "{F0C95066-AA1D-4478-BBE1-5B3CB730D0D1}"
EndProject
Project("{9A19103F-16F7-4668-BE54-9A1E7A4F7556}") = "Part2Q2", "Part2Q2\Part2Q2.csproj", "{09CC417D-1E46-4E34-8B3F-7ECD49EA1727}"
EndProject
Project("{9A19103F-16F7-4668-BE54-9A1E7A4F7556}") = "Part2 Q3", "Part2 Q3\Part2 Q3.csproj", "{39B5B760-E1F6-43FA-89F7-BB1677507620}"
EndProject
Project("{FAE04EC0-301F-11D3-BF4B-00C04F79EFBC}") = "ListExample", "ListExample\ListExample.csproj", "{CF528C1F-1E9D-47FB-816D-29518C62DBB3}"
EndProject
Global
	GlobalSection(SolutionConfigurationPlatforms) = preSolution
		Debug|Any CPU = Debug|Any CPU
		Release|Any CPU = Release|Any CPU
	EndGlobalSection
	GlobalSection(ProjectConfigurationPlatforms) = postSolution
		{96EFF911-AEE4-4711-84FD-6CB637F0BDF4}.Debug|Any CPU.ActiveCfg = Debug|Any CPU
		{96EFF911-AEE4-4711-84FD-6CB637F0BDF4}.Debug|Any CPU.Build.0 = Debug|Any CPU
		{96EFF911-AEE4-4711-84FD-6CB637F0BDF4}.Release|Any CPU.ActiveCfg = Release|Any CPU
		{96EFF911-AEE4-4711-84FD-6CB637F0BDF4}.Release|Any CPU.Build.0 = Release|Any CPU
		{FFFD4898-DA0E-4BB2-A74F-18E6493EDC3A}.Debug|Any CPU.ActiveCfg = Debug|Any CPU
		{FFFD4898-DA0E-4BB2-A74F-18E6493EDC3A}.Debug|Any CPU.Build.0 = Debug|Any CPU
		{FFFD4898-DA0E-4BB2-A74F-18E6493EDC3A}.Release|Any CPU.ActiveCfg = Release|Any CPU
		{FFFD4898-DA0E-4BB2-A74F-18E6493EDC3A}.Release|Any CPU.Build.0 = Release|Any CPU
		{F0C95066-AA1D-4478-BBE1-5B3CB730D0D1}.Debug|Any CPU.ActiveCfg = Debug|Any CPU
		{F0C95066-AA1D-4478-BBE1-5B3CB730D0D1}.Debug|Any CPU.Build.0 = Debug|Any CPU
		{F0C95066-AA1D-4478-BBE1-5B3CB730D0D1}.Release|Any CPU.ActiveCfg = Release|Any CPU
		{F0C95066-AA1D-4478-BBE1-5B3CB730D0D1}.Release|Any CPU.Build.0 = Release|Any CPU
		{09CC417D-1E46-4E34-8B3F-7ECD49EA1727}.Debug|Any CPU.ActiveCfg = Debug|Any CPU
		{09CC417D-1E46-4E34-8B3F-7ECD49EA1727}.Debug|Any CPU.Build.0 = Debug|Any CPU
		{09CC417D-1E46-4E34-8B3F-7ECD49EA1727}.Release|Any CPU.ActiveCfg = Release|Any CPU
		{09CC417D-1E46-4E34-8B3F-7ECD49EA1727}.Release|Any CPU.Build.0 = Release|Any CPU
		{39B5B760-E1F6-43FA-89F7-BB1677507620}.Debug|Any CPU.ActiveCfg = Debug|Any CPU
		{39B5B760-E1F6-43FA-89F7-BB1677507620}.Debug|Any CPU.Build.0 = Debug|Any CPU
		{39B5B760-E1F6-43FA-89F7-BB1677507620}.Release|Any CPU.ActiveCfg = Release|Any CPU
		{39B5B760-E1F6-43FA-89F7-BB1677507620}.Release|Any CPU.Build.0 = Release|Any CPU
		{CF528C1F-1E9D-47FB-816D-29518C62DBB3}.Debug|Any CPU.ActiveCfg = Debug|Any CPU
		{CF528C1F-1E9D-47FB-816D-29518C62DBB3}.Debug|Any CPU.Build.0 = Debug|Any CPU
		{CF528C1F-1E9D-47FB-816D-29518C62DBB3}.Release|Any CPU.ActiveCfg = Release|Any CPU
		{CF528C1F-1E9D-47FB-816D-29518C62DBB3}.Release|Any CPU.Build.0 = Release|Any CPU
	EndGlobalSection
	GlobalSection(SolutionProperties) = preSolution
		HideSolutionNode = FALSE
	EndGlobalSection
	GlobalSection(ExtensibilityGlobals) = postSolution
		SolutionGuid = {DA118154-A081-42AC-AF85-5D28224119C3}
	EndGlobalSection
EndGlobal
